{
  "lockfileVersion": 1,
  "workspaces": {
    "": {
      "name": "own_agent",
      "dependencies": {
        "openai": "^5.7.0",
      },
    },
  },
  "packages": {
    "openai": ["openai@5.7.0", "", { "peerDependencies": { "ws": "^8.18.0", "zod": "^3.23.8" }, "optionalPeers": ["ws", "zod"], "bin": "bin/cli" }, "sha512-zXWawZl6J/P5Wz57/nKzVT3kJQZvogfuyuNVCdEp4/XU2UNrjL7SsuNpWAyLZbo6HVymwmnfno9toVzBhelygA=="],
  }
}
